// !$*UTF8*$!
{
	archiveVersion = 1;
	classes = {
	};
	objectVersion = 56;
	objects = {

/* Begin PBXBuildFile section */
		50B717062969726D00EEA972 /* AppDelegate.swift in Sources */ = {isa = PBXBuildFile; fileRef = 50B717052969726D00EEA972 /* AppDelegate.swift */; };
		50B717082969726D00EEA972 /* SceneDelegate.swift in Sources */ = {isa = PBXBuildFile; fileRef = 50B717072969726D00EEA972 /* SceneDelegate.swift */; };
		50B7170A2969726D00EEA972 /* MainViewController.swift in Sources */ = {isa = PBXBuildFile; fileRef = 50B717092969726D00EEA972 /* MainViewController.swift */; };
		50B7170D2969726D00EEA972 /* Main.storyboard in Resources */ = {isa = PBXBuildFile; fileRef = 50B7170B2969726D00EEA972 /* Main.storyboard */; };
		50B7170F2969726F00EEA972 /* Assets.xcassets in Resources */ = {isa = PBXBuildFile; fileRef = 50B7170E2969726F00EEA972 /* Assets.xcassets */; };
		50B717122969726F00EEA972 /* LaunchScreen.storyboard in Resources */ = {isa = PBXBuildFile; fileRef = 50B717102969726F00EEA972 /* LaunchScreen.storyboard */; };
		50B7171E296972CE00EEA972 /* TabBarViewController.swift in Sources */ = {isa = PBXBuildFile; fileRef = 50B7171D296972CE00EEA972 /* TabBarViewController.swift */; };
		50B71720296972DE00EEA972 /* RouteCandidateViewController.swift in Sources */ = {isa = PBXBuildFile; fileRef = 50B7171F296972DE00EEA972 /* RouteCandidateViewController.swift */; };
		50B71722296972ED00EEA972 /* RouteResultViewController.swift in Sources */ = {isa = PBXBuildFile; fileRef = 50B71721296972ED00EEA972 /* RouteResultViewController.swift */; };
		50B71724296972FC00EEA972 /* GeneratedRouteViewController.swift in Sources */ = {isa = PBXBuildFile; fileRef = 50B71723296972FC00EEA972 /* GeneratedRouteViewController.swift */; };
		50B717262969730B00EEA972 /* OnlineRouteViewController.swift in Sources */ = {isa = PBXBuildFile; fileRef = 50B717252969730B00EEA972 /* OnlineRouteViewController.swift */; };
		50B717282969731900EEA972 /* ConfigureViewController.swift in Sources */ = {isa = PBXBuildFile; fileRef = 50B717272969731900EEA972 /* ConfigureViewController.swift */; };
		50B7172A2969732700EEA972 /* Colors.swift in Sources */ = {isa = PBXBuildFile; fileRef = 50B717292969732700EEA972 /* Colors.swift */; };
		50B7172C2969A55900EEA972 /* HelpViewController.swift in Sources */ = {isa = PBXBuildFile; fileRef = 50B7172B2969A55900EEA972 /* HelpViewController.swift */; };
		50B7172F296ABEFD00EEA972 /* CustomTableViewCell.swift in Sources */ = {isa = PBXBuildFile; fileRef = 50B7172E296ABEFD00EEA972 /* CustomTableViewCell.swift */; };
		F3ABF79D41881087574784D6 /* Pods_Yotteko.framework in Frameworks */ = {isa = PBXBuildFile; fileRef = CA4690D356978B5DD4AF7E53 /* Pods_Yotteko.framework */; };
/* End PBXBuildFile section */

/* Begin PBXFileReference section */
		5000B9058E511D4238797F7D /* Pods-Yotteko.release.xcconfig */ = {isa = PBXFileReference; includeInIndex = 1; lastKnownFileType = text.xcconfig; name = "Pods-Yotteko.release.xcconfig"; path = "Target Support Files/Pods-Yotteko/Pods-Yotteko.release.xcconfig"; sourceTree = "<group>"; };
		50B717022969726D00EEA972 /* Yotteko.app */ = {isa = PBXFileReference; explicitFileType = wrapper.application; includeInIndex = 0; path = Yotteko.app; sourceTree = BUILT_PRODUCTS_DIR; };
		50B717052969726D00EEA972 /* AppDelegate.swift */ = {isa = PBXFileReference; lastKnownFileType = sourcecode.swift; path = AppDelegate.swift; sourceTree = "<group>"; };
		50B717072969726D00EEA972 /* SceneDelegate.swift */ = {isa = PBXFileReference; lastKnownFileType = sourcecode.swift; path = SceneDelegate.swift; sourceTree = "<group>"; };
		50B717092969726D00EEA972 /* MainViewController.swift */ = {isa = PBXFileReference; lastKnownFileType = sourcecode.swift; path = MainViewController.swift; sourceTree = "<group>"; };
		50B7170C2969726D00EEA972 /* Base */ = {isa = PBXFileReference; lastKnownFileType = file.storyboard; name = Base; path = Base.lproj/Main.storyboard; sourceTree = "<group>"; };
		50B7170E2969726F00EEA972 /* Assets.xcassets */ = {isa = PBXFileReference; lastKnownFileType = folder.assetcatalog; path = Assets.xcassets; sourceTree = "<group>"; };
		50B717112969726F00EEA972 /* Base */ = {isa = PBXFileReference; lastKnownFileType = file.storyboard; name = Base; path = Base.lproj/LaunchScreen.storyboard; sourceTree = "<group>"; };
		50B717132969726F00EEA972 /* Info.plist */ = {isa = PBXFileReference; lastKnownFileType = text.plist.xml; path = Info.plist; sourceTree = "<group>"; };
		50B7171D296972CE00EEA972 /* TabBarViewController.swift */ = {isa = PBXFileReference; lastKnownFileType = sourcecode.swift; path = TabBarViewController.swift; sourceTree = "<group>"; };
		50B7171F296972DE00EEA972 /* RouteCandidateViewController.swift */ = {isa = PBXFileReference; lastKnownFileType = sourcecode.swift; path = RouteCandidateViewController.swift; sourceTree = "<group>"; };
		50B71721296972ED00EEA972 /* RouteResultViewController.swift */ = {isa = PBXFileReference; lastKnownFileType = sourcecode.swift; path = RouteResultViewController.swift; sourceTree = "<group>"; };
		50B71723296972FC00EEA972 /* GeneratedRouteViewController.swift */ = {isa = PBXFileReference; lastKnownFileType = sourcecode.swift; path = GeneratedRouteViewController.swift; sourceTree = "<group>"; };
		50B717252969730B00EEA972 /* OnlineRouteViewController.swift */ = {isa = PBXFileReference; lastKnownFileType = sourcecode.swift; path = OnlineRouteViewController.swift; sourceTree = "<group>"; };
		50B717272969731900EEA972 /* ConfigureViewController.swift */ = {isa = PBXFileReference; lastKnownFileType = sourcecode.swift; path = ConfigureViewController.swift; sourceTree = "<group>"; };
		50B717292969732700EEA972 /* Colors.swift */ = {isa = PBXFileReference; lastKnownFileType = sourcecode.swift; path = Colors.swift; sourceTree = "<group>"; };
		50B7172B2969A55900EEA972 /* HelpViewController.swift */ = {isa = PBXFileReference; lastKnownFileType = sourcecode.swift; path = HelpViewController.swift; sourceTree = "<group>"; };
		50B7172E296ABEFD00EEA972 /* CustomTableViewCell.swift */ = {isa = PBXFileReference; lastKnownFileType = sourcecode.swift; path = CustomTableViewCell.swift; sourceTree = "<group>"; };
		AD3CCCDFAC5B98143F4C758A /* Pods-Yotteko.debug.xcconfig */ = {isa = PBXFileReference; includeInIndex = 1; lastKnownFileType = text.xcconfig; name = "Pods-Yotteko.debug.xcconfig"; path = "Target Support Files/Pods-Yotteko/Pods-Yotteko.debug.xcconfig"; sourceTree = "<group>"; };
		CA4690D356978B5DD4AF7E53 /* Pods_Yotteko.framework */ = {isa = PBXFileReference; explicitFileType = wrapper.framework; includeInIndex = 0; path = Pods_Yotteko.framework; sourceTree = BUILT_PRODUCTS_DIR; };
/* End PBXFileReference section */

/* Begin PBXFrameworksBuildPhase section */
		50B716FF2969726D00EEA972 /* Frameworks */ = {
			isa = PBXFrameworksBuildPhase;
			buildActionMask = 2147483647;
			files = (
				F3ABF79D41881087574784D6 /* Pods_Yotteko.framework in Frameworks */,
			);
			runOnlyForDeploymentPostprocessing = 0;
		};
/* End PBXFrameworksBuildPhase section */

/* Begin PBXGroup section */
		5050109C2973E5FF00E26C8B /* CommonComponents */ = {
			isa = PBXGroup;
			children = (
				50B71721296972ED00EEA972 /* RouteResultViewController.swift */,
			);
			path = CommonComponents;
			sourceTree = "<group>";
		};
		50B716F92969726D00EEA972 = {
			isa = PBXGroup;
			children = (
				50B717042969726D00EEA972 /* Yotteko */,
				50B717032969726D00EEA972 /* Products */,
				DB152DB79AF48FED6082AA35 /* Pods */,
				C734DEC4559CEA1B99F012DC /* Frameworks */,
			);
			sourceTree = "<group>";
		};
		50B717032969726D00EEA972 /* Products */ = {
			isa = PBXGroup;
			children = (
				50B717022969726D00EEA972 /* Yotteko.app */,
			);
			name = Products;
			sourceTree = "<group>";
		};
		50B717042969726D00EEA972 /* Yotteko */ = {
			isa = PBXGroup;
			children = (
				50B717052969726D00EEA972 /* AppDelegate.swift */,
				50B717072969726D00EEA972 /* SceneDelegate.swift */,
				50B717192969729100EEA972 /* Method */,
				50B7171A2969729B00EEA972 /* View */,
				50B7171C296972AC00EEA972 /* Controller */,
				50B7170E2969726F00EEA972 /* Assets.xcassets */,
				50B717132969726F00EEA972 /* Info.plist */,
			);
			path = Yotteko;
			sourceTree = "<group>";
		};
		50B717192969729100EEA972 /* Method */ = {
			isa = PBXGroup;
			children = (
				50B717292969732700EEA972 /* Colors.swift */,
			);
			path = Method;
			sourceTree = "<group>";
		};
		50B7171A2969729B00EEA972 /* View */ = {
			isa = PBXGroup;
			children = (
				50B7170B2969726D00EEA972 /* Main.storyboard */,
				50B717102969726F00EEA972 /* LaunchScreen.storyboard */,
			);
			path = View;
			sourceTree = "<group>";
		};
		50B7171C296972AC00EEA972 /* Controller */ = {
			isa = PBXGroup;
			children = (
				50B7171D296972CE00EEA972 /* TabBarViewController.swift */,
				50B7172D2969A98900EEA972 /* Main */,
				50B71723296972FC00EEA972 /* GeneratedRouteViewController.swift */,
				50B717252969730B00EEA972 /* OnlineRouteViewController.swift */,
				50B717272969731900EEA972 /* ConfigureViewController.swift */,
				5050109C2973E5FF00E26C8B /* CommonComponents */,
			);
			path = Controller;
			sourceTree = "<group>";
		};
		50B7172D2969A98900EEA972 /* Main */ = {
			isa = PBXGroup;
			children = (
				50B717092969726D00EEA972 /* MainViewController.swift */,
				50B7172E296ABEFD00EEA972 /* CustomTableViewCell.swift */,
				50B7171F296972DE00EEA972 /* RouteCandidateViewController.swift */,
				50B7172B2969A55900EEA972 /* HelpViewController.swift */,
			);
			path = Main;
			sourceTree = "<group>";
		};
		C734DEC4559CEA1B99F012DC /* Frameworks */ = {
			isa = PBXGroup;
			children = (
				CA4690D356978B5DD4AF7E53 /* Pods_Yotteko.framework */,
			);
			name = Frameworks;
			sourceTree = "<group>";
		};
		DB152DB79AF48FED6082AA35 /* Pods */ = {
			isa = PBXGroup;
			children = (
				AD3CCCDFAC5B98143F4C758A /* Pods-Yotteko.debug.xcconfig */,
				5000B9058E511D4238797F7D /* Pods-Yotteko.release.xcconfig */,
			);
			path = Pods;
			sourceTree = "<group>";
		};
/* End PBXGroup section */

/* Begin PBXNativeTarget section */
		50B717012969726D00EEA972 /* Yotteko */ = {
			isa = PBXNativeTarget;
			buildConfigurationList = 50B717162969726F00EEA972 /* Build configuration list for PBXNativeTarget "Yotteko" */;
			buildPhases = (
				0FF607A6B39BA222EC1FD412 /* [CP] Check Pods Manifest.lock */,
				50B716FE2969726D00EEA972 /* Sources */,
				50B716FF2969726D00EEA972 /* Frameworks */,
				50B717002969726D00EEA972 /* Resources */,
				5DD10986E23679FC6E0634E7 /* [CP] Embed Pods Frameworks */,
			);
			buildRules = (
			);
			dependencies = (
			);
			name = Yotteko;
			productName = Yotteko;
			productReference = 50B717022969726D00EEA972 /* Yotteko.app */;
			productType = "com.apple.product-type.application";
		};
/* End PBXNativeTarget section */

/* Begin PBXProject section */
		50B716FA2969726D00EEA972 /* Project object */ = {
			isa = PBXProject;
			attributes = {
				BuildIndependentTargetsInParallel = 1;
				LastSwiftUpdateCheck = 1420;
				LastUpgradeCheck = 1420;
				TargetAttributes = {
					50B717012969726D00EEA972 = {
						CreatedOnToolsVersion = 14.2;
					};
				};
			};
			buildConfigurationList = 50B716FD2969726D00EEA972 /* Build configuration list for PBXProject "Yotteko" */;
			compatibilityVersion = "Xcode 14.0";
			developmentRegion = en;
			hasScannedForEncodings = 0;
			knownRegions = (
				en,
				Base,
			);
			mainGroup = 50B716F92969726D00EEA972;
			productRefGroup = 50B717032969726D00EEA972 /* Products */;
			projectDirPath = "";
			projectRoot = "";
			targets = (
				50B717012969726D00EEA972 /* Yotteko */,
			);
		};
/* End PBXProject section */

/* Begin PBXResourcesBuildPhase section */
		50B717002969726D00EEA972 /* Resources */ = {
			isa = PBXResourcesBuildPhase;
			buildActionMask = 2147483647;
			files = (
				50B717122969726F00EEA972 /* LaunchScreen.storyboard in Resources */,
				50B7170F2969726F00EEA972 /* Assets.xcassets in Resources */,
				50B7170D2969726D00EEA972 /* Main.storyboard in Resources */,
			);
			runOnlyForDeploymentPostprocessing = 0;
		};
/* End PBXResourcesBuildPhase section */

/* Begin PBXShellScriptBuildPhase section */
		0FF607A6B39BA222EC1FD412 /* [CP] Check Pods Manifest.lock */ = {
			isa = PBXShellScriptBuildPhase;
			buildActionMask = 2147483647;
			files = (
			);
			inputFileListPaths = (
			);
			inputPaths = (
				"${PODS_PODFILE_DIR_PATH}/Podfile.lock",
				"${PODS_ROOT}/Manifest.lock",
			);
			name = "[CP] Check Pods Manifest.lock";
			outputFileListPaths = (
			);
			outputPaths = (
				"$(DERIVED_FILE_DIR)/Pods-Yotteko-checkManifestLockResult.txt",
			);
			runOnlyForDeploymentPostprocessing = 0;
			shellPath = /bin/sh;
			shellScript = "diff \"${PODS_PODFILE_DIR_PATH}/Podfile.lock\" \"${PODS_ROOT}/Manifest.lock\" > /dev/null\nif [ $? != 0 ] ; then\n    # print error to STDERR\n    echo \"error: The sandbox is not in sync with the Podfile.lock. Run 'pod install' or update your CocoaPods installation.\" >&2\n    exit 1\nfi\n# This output is used by Xcode 'outputs' to avoid re-running this script phase.\necho \"SUCCESS\" > \"${SCRIPT_OUTPUT_FILE_0}\"\n";
			showEnvVarsInLog = 0;
		};
		5DD10986E23679FC6E0634E7 /* [CP] Embed Pods Frameworks */ = {
			isa = PBXShellScriptBuildPhase;
			buildActionMask = 2147483647;
			files = (
			);
			inputFileListPaths = (
				"${PODS_ROOT}/Target Support Files/Pods-Yotteko/Pods-Yotteko-frameworks-${CONFIGURATION}-input-files.xcfilelist",
			);
			name = "[CP] Embed Pods Frameworks";
			outputFileListPaths = (
				"${PODS_ROOT}/Target Support Files/Pods-Yotteko/Pods-Yotteko-frameworks-${CONFIGURATION}-output-files.xcfilelist",
			);
			runOnlyForDeploymentPostprocessing = 0;
			shellPath = /bin/sh;
			shellScript = "\"${PODS_ROOT}/Target Support Files/Pods-Yotteko/Pods-Yotteko-frameworks.sh\"\n";
			showEnvVarsInLog = 0;
		};
/* End PBXShellScriptBuildPhase section */

/* Begin PBXSourcesBuildPhase section */
		50B716FE2969726D00EEA972 /* Sources */ = {
			isa = PBXSourcesBuildPhase;
			buildActionMask = 2147483647;
			files = (
				50B7172C2969A55900EEA972 /* HelpViewController.swift in Sources */,
				50B71720296972DE00EEA972 /* RouteCandidateViewController.swift in Sources */,
				50B7172A2969732700EEA972 /* Colors.swift in Sources */,
				50B71724296972FC00EEA972 /* GeneratedRouteViewController.swift in Sources */,
				50B71722296972ED00EEA972 /* RouteResultViewController.swift in Sources */,
				50B7171E296972CE00EEA972 /* TabBarViewController.swift in Sources */,
				50B7172F296ABEFD00EEA972 /* CustomTableViewCell.swift in Sources */,
				50B7170A2969726D00EEA972 /* MainViewController.swift in Sources */,
				50B717282969731900EEA972 /* ConfigureViewController.swift in Sources */,
				50B717262969730B00EEA972 /* OnlineRouteViewController.swift in Sources */,
				50B717062969726D00EEA972 /* AppDelegate.swift in Sources */,
				50B717082969726D00EEA972 /* SceneDelegate.swift in Sources */,
			);
			runOnlyForDeploymentPostprocessing = 0;
		};
/* End PBXSourcesBuildPhase section */

/* Begin PBXVariantGroup section */
		50B7170B2969726D00EEA972 /* Main.storyboard */ = {
			isa = PBXVariantGroup;
			children = (
				50B7170C2969726D00EEA972 /* Base */,
			);
			name = Main.storyboard;
			sourceTree = "<group>";
		};
		50B717102969726F00EEA972 /* LaunchScreen.storyboard */ = {
			isa = PBXVariantGroup;
			children = (
				50B717112969726F00EEA972 /* Base */,
			);
			name = LaunchScreen.storyboard;
			sourceTree = "<group>";
		};
/* End PBXVariantGroup section */

/* Begin XCBuildConfiguration section */
		50B717142969726F00EEA972 /* Debug */ = {
			isa = XCBuildConfiguration;
			buildSettings = {
				ALWAYS_SEARCH_USER_PATHS = NO;
				CLANG_ANALYZER_NONNULL = YES;
				CLANG_ANALYZER_NUMBER_OBJECT_CONVERSION = YES_AGGRESSIVE;
				CLANG_CXX_LANGUAGE_STANDARD = "gnu++20";
				CLANG_ENABLE_MODULES = YES;
				CLANG_ENABLE_OBJC_ARC = YES;
				CLANG_ENABLE_OBJC_WEAK = YES;
				CLANG_WARN_BLOCK_CAPTURE_AUTORELEASING = YES;
				CLANG_WARN_BOOL_CONVERSION = YES;
				CLANG_WARN_COMMA = YES;
				CLANG_WARN_CONSTANT_CONVERSION = YES;
				CLANG_WARN_DEPRECATED_OBJC_IMPLEMENTATIONS = YES;
				CLANG_WARN_DIRECT_OBJC_ISA_USAGE = YES_ERROR;
				CLANG_WARN_DOCUMENTATION_COMMENTS = YES;
				CLANG_WARN_EMPTY_BODY = YES;
				CLANG_WARN_ENUM_CONVERSION = YES;
				CLANG_WARN_INFINITE_RECURSION = YES;
				CLANG_WARN_INT_CONVERSION = YES;
				CLANG_WARN_NON_LITERAL_NULL_CONVERSION = YES;
				CLANG_WARN_OBJC_IMPLICIT_RETAIN_SELF = YES;
				CLANG_WARN_OBJC_LITERAL_CONVERSION = YES;
				CLANG_WARN_OBJC_ROOT_CLASS = YES_ERROR;
				CLANG_WARN_QUOTED_INCLUDE_IN_FRAMEWORK_HEADER = YES;
				CLANG_WARN_RANGE_LOOP_ANALYSIS = YES;
				CLANG_WARN_STRICT_PROTOTYPES = YES;
				CLANG_WARN_SUSPICIOUS_MOVE = YES;
				CLANG_WARN_UNGUARDED_AVAILABILITY = YES_AGGRESSIVE;
				CLANG_WARN_UNREACHABLE_CODE = YES;
				CLANG_WARN__DUPLICATE_METHOD_MATCH = YES;
				COPY_PHASE_STRIP = NO;
				DEBUG_INFORMATION_FORMAT = dwarf;
				ENABLE_STRICT_OBJC_MSGSEND = YES;
				ENABLE_TESTABILITY = YES;
				GCC_C_LANGUAGE_STANDARD = gnu11;
				GCC_DYNAMIC_NO_PIC = NO;
				GCC_NO_COMMON_BLOCKS = YES;
				GCC_OPTIMIZATION_LEVEL = 0;
				GCC_PREPROCESSOR_DEFINITIONS = (
					"DEBUG=1",
					"$(inherited)",
				);
				GCC_WARN_64_TO_32_BIT_CONVERSION = YES;
				GCC_WARN_ABOUT_RETURN_TYPE = YES_ERROR;
				GCC_WARN_UNDECLARED_SELECTOR = YES;
				GCC_WARN_UNINITIALIZED_AUTOS = YES_AGGRESSIVE;
				GCC_WARN_UNUSED_FUNCTION = YES;
				GCC_WARN_UNUSED_VARIABLE = YES;
				IPHONEOS_DEPLOYMENT_TARGET = 16.0;
				MTL_ENABLE_DEBUG_INFO = INCLUDE_SOURCE;
				MTL_FAST_MATH = YES;
				ONLY_ACTIVE_ARCH = YES;
				SDKROOT = iphoneos;
				SWIFT_ACTIVE_COMPILATION_CONDITIONS = DEBUG;
				SWIFT_OPTIMIZATION_LEVEL = "-Onone";
			};
			name = Debug;
		};
		50B717152969726F00EEA972 /* Release */ = {
			isa = XCBuildConfiguration;
			buildSettings = {
				ALWAYS_SEARCH_USER_PATHS = NO;
				CLANG_ANALYZER_NONNULL = YES;
				CLANG_ANALYZER_NUMBER_OBJECT_CONVERSION = YES_AGGRESSIVE;
				CLANG_CXX_LANGUAGE_STANDARD = "gnu++20";
				CLANG_ENABLE_MODULES = YES;
				CLANG_ENABLE_OBJC_ARC = YES;
				CLANG_ENABLE_OBJC_WEAK = YES;
				CLANG_WARN_BLOCK_CAPTURE_AUTORELEASING = YES;
				CLANG_WARN_BOOL_CONVERSION = YES;
				CLANG_WARN_COMMA = YES;
				CLANG_WARN_CONSTANT_CONVERSION = YES;
				CLANG_WARN_DEPRECATED_OBJC_IMPLEMENTATIONS = YES;
				CLANG_WARN_DIRECT_OBJC_ISA_USAGE = YES_ERROR;
				CLANG_WARN_DOCUMENTATION_COMMENTS = YES;
				CLANG_WARN_EMPTY_BODY = YES;
				CLANG_WARN_ENUM_CONVERSION = YES;
				CLANG_WARN_INFINITE_RECURSION = YES;
				CLANG_WARN_INT_CONVERSION = YES;
				CLANG_WARN_NON_LITERAL_NULL_CONVERSION = YES;
				CLANG_WARN_OBJC_IMPLICIT_RETAIN_SELF = YES;
				CLANG_WARN_OBJC_LITERAL_CONVERSION = YES;
				CLANG_WARN_OBJC_ROOT_CLASS = YES_ERROR;
				CLANG_WARN_QUOTED_INCLUDE_IN_FRAMEWORK_HEADER = YES;
				CLANG_WARN_RANGE_LOOP_ANALYSIS = YES;
				CLANG_WARN_STRICT_PROTOTYPES = YES;
				CLANG_WARN_SUSPICIOUS_MOVE = YES;
				CLANG_WARN_UNGUARDED_AVAILABILITY = YES_AGGRESSIVE;
				CLANG_WARN_UNREACHABLE_CODE = YES;
				CLANG_WARN__DUPLICATE_METHOD_MATCH = YES;
				COPY_PHASE_STRIP = NO;
				DEBUG_INFORMATION_FORMAT = "dwarf-with-dsym";
				ENABLE_NS_ASSERTIONS = NO;
				ENABLE_STRICT_OBJC_MSGSEND = YES;
				GCC_C_LANGUAGE_STANDARD = gnu11;
				GCC_NO_COMMON_BLOCKS = YES;
				GCC_WARN_64_TO_32_BIT_CONVERSION = YES;
				GCC_WARN_ABOUT_RETURN_TYPE = YES_ERROR;
				GCC_WARN_UNDECLARED_SELECTOR = YES;
				GCC_WARN_UNINITIALIZED_AUTOS = YES_AGGRESSIVE;
				GCC_WARN_UNUSED_FUNCTION = YES;
				GCC_WARN_UNUSED_VARIABLE = YES;
				IPHONEOS_DEPLOYMENT_TARGET = 16.0;
				MTL_ENABLE_DEBUG_INFO = NO;
				MTL_FAST_MATH = YES;
				SDKROOT = iphoneos;
				SWIFT_COMPILATION_MODE = wholemodule;
				SWIFT_OPTIMIZATION_LEVEL = "-O";
				VALIDATE_PRODUCT = YES;
			};
			name = Release;
		};
		50B717172969726F00EEA972 /* Debug */ = {
			isa = XCBuildConfiguration;
			baseConfigurationReference = AD3CCCDFAC5B98143F4C758A /* Pods-Yotteko.debug.xcconfig */;
			buildSettings = {
				ASSETCATALOG_COMPILER_APPICON_NAME = AppIcon;
				ASSETCATALOG_COMPILER_GLOBAL_ACCENT_COLOR_NAME = AccentColor;
				CODE_SIGN_STYLE = Automatic;
				CURRENT_PROJECT_VERSION = 1.0.0;
				DEVELOPMENT_TEAM = 82F2BX73N3;
				GENERATE_INFOPLIST_FILE = YES;
				INFOPLIST_FILE = Yotteko/Info.plist;
				INFOPLIST_KEY_CFBundleDisplayName = "";
				INFOPLIST_KEY_LSApplicationCategoryType = "";
				INFOPLIST_KEY_NSLocationWhenInUseUsageDescription = "現在位置を地図に表示するため使用";
				INFOPLIST_KEY_UIApplicationSupportsIndirectInputEvents = YES;
				INFOPLIST_KEY_UILaunchStoryboardName = LaunchScreen;
				INFOPLIST_KEY_UIMainStoryboardFile = Main;
				INFOPLIST_KEY_UIStatusBarStyle = "";
				INFOPLIST_KEY_UISupportedInterfaceOrientations = UIInterfaceOrientationPortrait;
				INFOPLIST_KEY_UIUserInterfaceStyle = Light;
				IPHONEOS_DEPLOYMENT_TARGET = 16.0;
				LD_RUNPATH_SEARCH_PATHS = (
					"$(inherited)",
					"@executable_path/Frameworks",
				);
				MARKETING_VERSION = 1.0.0;
				PRODUCT_BUNDLE_IDENTIFIER = com.naetos.Yotteko;
				PRODUCT_NAME = "$(TARGET_NAME)";
				SWIFT_EMIT_LOC_STRINGS = YES;
				SWIFT_VERSION = 5.0;
				TARGETED_DEVICE_FAMILY = "1,2";
			};
			name = Debug;
		};
		50B717182969726F00EEA972 /* Release */ = {
			isa = XCBuildConfiguration;
			baseConfigurationReference = 5000B9058E511D4238797F7D /* Pods-Yotteko.release.xcconfig */;
			buildSettings = {
				ASSETCATALOG_COMPILER_APPICON_NAME = AppIcon;
				ASSETCATALOG_COMPILER_GLOBAL_ACCENT_COLOR_NAME = AccentColor;
				CODE_SIGN_STYLE = Automatic;
				CURRENT_PROJECT_VERSION = 1.0.0;
				DEVELOPMENT_TEAM = 82F2BX73N3;
				GENERATE_INFOPLIST_FILE = YES;
				INFOPLIST_FILE = Yotteko/Info.plist;
				INFOPLIST_KEY_CFBundleDisplayName = "";
				INFOPLIST_KEY_LSApplicationCategoryType = "";
				INFOPLIST_KEY_NSLocationWhenInUseUsageDescription = "現在位置を地図に表示するため使用";
				INFOPLIST_KEY_UIApplicationSupportsIndirectInputEvents = YES;
				INFOPLIST_KEY_UILaunchStoryboardName = LaunchScreen;
				INFOPLIST_KEY_UIMainStoryboardFile = Main;
				INFOPLIST_KEY_UIStatusBarStyle = "";
				INFOPLIST_KEY_UISupportedInterfaceOrientations = UIInterfaceOrientationPortrait;
				INFOPLIST_KEY_UIUserInterfaceStyle = Light;
				IPHONEOS_DEPLOYMENT_TARGET = 16.0;
				LD_RUNPATH_SEARCH_PATHS = (
					"$(inherited)",
					"@executable_path/Frameworks",
				);
				MARKETING_VERSION = 1.0.0;
				PRODUCT_BUNDLE_IDENTIFIER = com.naetos.Yotteko;
				PRODUCT_NAME = "$(TARGET_NAME)";
				SWIFT_EMIT_LOC_STRINGS = YES;
				SWIFT_VERSION = 5.0;
				TARGETED_DEVICE_FAMILY = "1,2";
			};
			name = Release;
		};
/* End XCBuildConfiguration section */

/* Begin XCConfigurationList section */
		50B716FD2969726D00EEA972 /* Build configuration list for PBXProject "Yotteko" */ = {
			isa = XCConfigurationList;
			buildConfigurations = (
				50B717142969726F00EEA972 /* Debug */,
				50B717152969726F00EEA972 /* Release */,
			);
			defaultConfigurationIsVisible = 0;
			defaultConfigurationName = Release;
		};
		50B717162969726F00EEA972 /* Build configuration list for PBXNativeTarget "Yotteko" */ = {
			isa = XCConfigurationList;
			buildConfigurations = (
				50B717172969726F00EEA972 /* Debug */,
				50B717182969726F00EEA972 /* Release */,
			);
			defaultConfigurationIsVisible = 0;
			defaultConfigurationName = Release;
		};
/* End XCConfigurationList section */
	};
	rootObject = 50B716FA2969726D00EEA972 /* Project object */;
}
